
Microsoft Visual Studio Solution File, Format Version 12.00
# Visual Studio Version 16
VisualStudioVersion = 16.0.30011.22
MinimumVisualStudioVersion = 10.0.40219.1
Project("{FAE04EC0-301F-11D3-BF4B-00C04F79EFBC}") = "Shared.Identity", "Shared.Identity\Shared.Identity.csproj", "{82667AB0-244F-400F-80C5-AE7FB0ACDF90}"
EndProject
Project("{FAE04EC0-301F-11D3-BF4B-00C04F79EFBC}") = "Shared.Common", "Shared.Common\Shared.Common.csproj", "{787DEACB-82AF-4856-8341-4B055C53A4D1}"
EndProject
Project("{FAE04EC0-301F-11D3-BF4B-00C04F79EFBC}") = "Shared.Persistence.MongoDb", "Shared.Persistence.MongoDb\Shared.Persistence.MongoDb.csproj", "{15B2418F-F78A-474D-B5F8-80E6D3909451}"
EndProject
Global
	GlobalSection(SolutionConfigurationPlatforms) = preSolution
		Debug|Any CPU = Debug|Any CPU
		Release|Any CPU = Release|Any CPU
	EndGlobalSection
	GlobalSection(ProjectConfigurationPlatforms) = postSolution
		{82667AB0-244F-400F-80C5-AE7FB0ACDF90}.Debug|Any CPU.ActiveCfg = Debug|Any CPU
		{82667AB0-244F-400F-80C5-AE7FB0ACDF90}.Debug|Any CPU.Build.0 = Debug|Any CPU
		{82667AB0-244F-400F-80C5-AE7FB0ACDF90}.Release|Any CPU.ActiveCfg = Release|Any CPU
		{82667AB0-244F-400F-80C5-AE7FB0ACDF90}.Release|Any CPU.Build.0 = Release|Any CPU
		{787DEACB-82AF-4856-8341-4B055C53A4D1}.Debug|Any CPU.ActiveCfg = Debug|Any CPU
		{787DEACB-82AF-4856-8341-4B055C53A4D1}.Debug|Any CPU.Build.0 = Debug|Any CPU
		{787DEACB-82AF-4856-8341-4B055C53A4D1}.Release|Any CPU.ActiveCfg = Release|Any CPU
		{787DEACB-82AF-4856-8341-4B055C53A4D1}.Release|Any CPU.Build.0 = Release|Any CPU
		{15B2418F-F78A-474D-B5F8-80E6D3909451}.Debug|Any CPU.ActiveCfg = Debug|Any CPU
		{15B2418F-F78A-474D-B5F8-80E6D3909451}.Debug|Any CPU.Build.0 = Debug|Any CPU
		{15B2418F-F78A-474D-B5F8-80E6D3909451}.Release|Any CPU.ActiveCfg = Release|Any CPU
		{15B2418F-F78A-474D-B5F8-80E6D3909451}.Release|Any CPU.Build.0 = Release|Any CPU
	EndGlobalSection
	GlobalSection(SolutionProperties) = preSolution
		HideSolutionNode = FALSE
	EndGlobalSection
	GlobalSection(ExtensibilityGlobals) = postSolution
		SolutionGuid = {3C1D310F-0329-457C-AD7C-721DDC7A1D5A}
	EndGlobalSection
EndGlobal
